version = 1
revision = 3
requires-python = ">=3.13"

[[package]]
name = "colorama"
version = "0.4.6"
source = { registry = "https://pypi.org/simple" }
sdist = { url = "https://files.pythonhosted.org/packages/d8/53/6f443c9a4a8358a93a6792e2acffb9d9d5cb0a5cfd8802644b7b1c9a02e4/colorama-0.4.6.tar.gz", hash = "sha256:08695f5cb7ed6e0531a20572697297273c47b8cae5a63ffc6d6ed5c201be6e44", size = 27697, upload-time = "2022-10-25T02:36:22.414Z" }
wheels = [
    { url = "https://files.pythonhosted.org/packages/d1/d6/3965ed04c63042e047cb6a3e6ed1a63a35087b6a609aa3a15ed8ac56c221/colorama-0.4.6-py2.py3-none-any.whl", hash = "sha256:4f1d9991f5acc0ca119f9d443620b77f9d6b33703e51011c16baf57afb285fc6", size = 25335, upload-time = "2022-10-25T02:36:20.889Z" },
]

[[package]]
name = "group3-group-project"
version = "0.1.0"
source = { virtual = "." }
dependencies = [
    { name = "mysql-connector-python" },
    { name = "pygame" },
    { name = "pytest" },
]

[package.metadata]
requires-dist = [
    { name = "pygame", specifier = ">=2.6.1" },
    { name = "pytest", specifier = ">=9.1.0" },
]

[[package]]
name = "iniconfig"
version = "2.3.0"
source = { registry = "https://pypi.org/simple" }
sdist = { url = "https://files.pythonhosted.org/packages/72/34/14ca021ce8e5dfedc35312d08ba8bf51fdd999c576889fc2c24cb97f4f10/iniconfig-2.3.0.tar.gz", hash = "sha256:c76315c77db068650d49c5b56314774a7804df16fee4402c1f19d6d15d8c4730", size = 20503, upload-time = "2025-10-18T21:55:43.219Z" }
wheels = [
    { url = "https://files.pythonhosted.org/packages/cb/b1/3846dd7f199d53cb17f49cba7e651e9ce294d8497c8c150530ed11865bb8/iniconfig-2.3.0-py3-none-any.whl", hash = "sha256:f631c04d2c48c52b84d0d0549c99ff3859c98df65b3101406327ecc7d53fbf12", size = 7484, upload-time = "2025-10-18T21:55:41.639Z" },
]

[[package]]
name = "packaging"
version = "26.2"
source = { registry = "https://pypi.org/simple" }
sdist = { url = "https://files.pythonhosted.org/packages/d7/f1/e7a6dd94a8d4a5626c03e4e99c87f241ba9e350cd9e6d75123f992427270/packaging-26.2.tar.gz", hash = "sha256:ff452ff5a3e828ce110190feff1178bb1f2ea2281fa2075aadb987c2fb221661", size = 228134, upload-time = "2026-04-24T20:15:23.917Z" }
wheels = [
    { url = "https://files.pythonhosted.org/packages/df/b2/87e62e8c3e2f4b32e5fe99e0b86d576da1312593b39f47d8ceef365e95ed/packaging-26.2-py3-none-any.whl", hash = "sha256:5fc45236b9446107ff2415ce77c807cee2862cb6fac22b8a73826d0693b0980e", size = 100195, upload-time = "2026-04-24T20:15:22.081Z" },
]

[[package]]
name = "pluggy"
version = "1.6.0"
source = { registry = "https://pypi.org/simple" }
sdist = { url = "https://files.pythonhosted.org/packages/f9/e2/3e91f31a7d2b083fe6ef3fa267035b518369d9511ffab804f839851d2779/pluggy-1.6.0.tar.gz", hash = "sha256:7dcc130b76258d33b90f61b658791dede3486c3e6bfb003ee5c9bfb396dd22f3", size = 69412, upload-time = "2025-05-15T12:30:07.975Z" }
wheels = [
    { url = "https://files.pythonhosted.org/packages/54/20/4d324d65cc6d9205fabedc306948156824eb9f0ee1633355a8f7ec5c66bf/pluggy-1.6.0-py3-none-any.whl", hash = "sha256:e920276dd6813095e9377c0bc5566d94c932c33b27a3e3945d8389c374dd4746", size = 20538, upload-time = "2025-05-15T12:30:06.134Z" },
    { name = "mysql-connector-python", specifier = ">=9.7.0" },
    { name = "pygame", specifier = ">=2.6.1" },
]

[[package]]
name = "mysql-connector-python"
version = "9.7.0"
source = { registry = "https://pypi.org/simple" }
sdist = { url = "https://files.pythonhosted.org/packages/26/c9/a9446dbebbcdf7d828d0a3be9049607eab6eeffb4e46ef1ee8ac304baede/mysql_connector_python-9.7.0.tar.gz", hash = "sha256:933887e71c871b6e9d8908459fe8303ebcf8feb5cc1e1c49caa6490e525cf78e", size = 12254829, upload-time = "2026-04-30T07:55:39.797Z" }
wheels = [
    { url = "https://files.pythonhosted.org/packages/6f/f5/9b07250bc98c7abae0e538423fe8a2fda0f799c606dbe82014412299340c/mysql_connector_python-9.7.0-cp313-cp313-macosx_14_0_arm64.whl", hash = "sha256:e3842ecd62391a28c1dda5eb817f40418715e68482a8c146b3c478ac8bb7a23f", size = 20270283, upload-time = "2026-04-30T07:54:21.23Z" },
    { url = "https://files.pythonhosted.org/packages/3c/2e/70a1549a52add00775e073fdd7b7b57c21a330ea6f01b26ea8ef0ac3dba8/mysql_connector_python-9.7.0-cp313-cp313-macosx_14_0_x86_64.whl", hash = "sha256:9da73e212bb08e4df286506ffbda943063bbce448375a7db29748bb367f4e0af", size = 19830388, upload-time = "2026-04-30T07:54:23.51Z" },
    { url = "https://files.pythonhosted.org/packages/81/f1/ef64f3c715f55d238ac56b0e0278408501ddc60aa62affa056eab167e28c/mysql_connector_python-9.7.0-cp313-cp313-manylinux_2_28_aarch64.whl", hash = "sha256:39bf31cdbe920eae08801eb829584dc27f70dadbdb3a5c3b78402f54cea87ab0", size = 21925396, upload-time = "2026-04-30T07:54:25.657Z" },
    { url = "https://files.pythonhosted.org/packages/2d/17/e957dad49741680b7d0f69aef2b2144b22061c50581aaf0022ccf8de7e38/mysql_connector_python-9.7.0-cp313-cp313-manylinux_2_28_x86_64.whl", hash = "sha256:236a4b8abfac8217517ce9e9edc735decf55282ada3890b3cd33770009f33d68", size = 21695834, upload-time = "2026-04-30T07:54:28.179Z" },
    { url = "https://files.pythonhosted.org/packages/08/b6/bc9018fb02748ef83acbabbb4ef8467162cf39fc207e4e575595ffe22fd0/mysql_connector_python-9.7.0-cp313-cp313-win_amd64.whl", hash = "sha256:229ffce2333b88b59f8f034881e12dc85b309615338be9f843ed63923db99d52", size = 17678686, upload-time = "2026-04-30T07:54:30.317Z" },
    { url = "https://files.pythonhosted.org/packages/46/db/453c6916b4b1cad6c8e56631e67f81e0d01b52690de541894728c2122f70/mysql_connector_python-9.7.0-cp314-cp314-macosx_14_0_arm64.whl", hash = "sha256:9e17ceb79c1c4c137a5994f8ca8c6a1ce8ebf83eda3ccc21dd67f2c1398680f0", size = 20270277, upload-time = "2026-04-30T07:54:32.628Z" },
    { url = "https://files.pythonhosted.org/packages/d7/6d/3ff4dc01806511a3741764eafd5c28b73de18d3a3dfb391d4e4cfe51e1ca/mysql_connector_python-9.7.0-cp314-cp314-macosx_14_0_x86_64.whl", hash = "sha256:272c4e8263f6a514e4ae65e9553ed214fc9d4cf1f0f6bedca30def20c2ae1d52", size = 19830318, upload-time = "2026-04-30T07:54:34.952Z" },
    { url = "https://files.pythonhosted.org/packages/3e/79/b55c8f84a86071e5038567849c9cae4e3c96b211ce843c0f1808528bc202/mysql_connector_python-9.7.0-cp314-cp314-manylinux_2_28_aarch64.whl", hash = "sha256:9549a2974353407427b574f005c92f03972e303182b4c3b4a272bf4ca10855ed", size = 21924702, upload-time = "2026-04-30T07:54:37.418Z" },
    { url = "https://files.pythonhosted.org/packages/61/3e/2ab7a525209826bde620f9029b2c8f340a16b4151384813827477d475569/mysql_connector_python-9.7.0-cp314-cp314-manylinux_2_28_x86_64.whl", hash = "sha256:ea4e05ab864ab8b0b5066d885d89ca51e5ba1320dba520c20a6f9388a8eca022", size = 21696426, upload-time = "2026-04-30T07:54:39.938Z" },
    { url = "https://files.pythonhosted.org/packages/af/94/e370c40a6863752ba6886f20b960284daeef78b2a0e23f38d141b4aa7e76/mysql_connector_python-9.7.0-cp314-cp314-win_amd64.whl", hash = "sha256:5a5abbc152bc28cb2e64a04605ecd9941eff6b0dc5f9528cb84adb873e9a1e49", size = 18197576, upload-time = "2026-04-30T07:54:42.041Z" },
    { url = "https://files.pythonhosted.org/packages/38/55/4ebb602d270108ea6e81ccdfe4aa0a511fedffdc3ef6c193ac9ff76402fe/mysql_connector_python-9.7.0-py2.py3-none-any.whl", hash = "sha256:af80b1e7179d5c2d983cf62470ad9b134a7e9ef05cf31108ae587f15873530cc", size = 480646, upload-time = "2026-04-30T07:54:43.82Z" },
]

[[package]]
name = "pygame"
version = "2.6.1"
source = { registry = "https://pypi.org/simple" }
sdist = { url = "https://files.pythonhosted.org/packages/49/cc/08bba60f00541f62aaa252ce0cfbd60aebd04616c0b9574f755b583e45ae/pygame-2.6.1.tar.gz", hash = "sha256:56fb02ead529cee00d415c3e007f75e0780c655909aaa8e8bf616ee09c9feb1f", size = 14808125, upload-time = "2024-09-29T13:41:34.698Z" }
wheels = [
    { url = "https://files.pythonhosted.org/packages/e1/91/718acf3e2a9d08a6ddcc96bd02a6f63c99ee7ba14afeaff2a51c987df0b9/pygame-2.6.1-cp313-cp313-macosx_10_13_x86_64.whl", hash = "sha256:ae6039f3a55d800db80e8010f387557b528d34d534435e0871326804df2a62f2", size = 13090765, upload-time = "2024-09-29T14:27:02.377Z" },
    { url = "https://files.pythonhosted.org/packages/0e/c6/9cb315de851a7682d9c7568a41ea042ee98d668cb8deadc1dafcab6116f0/pygame-2.6.1-cp313-cp313-macosx_11_0_arm64.whl", hash = "sha256:2a3a1288e2e9b1e5834e425bedd5ba01a3cd4902b5c2bff8ed4a740ccfe98171", size = 12381704, upload-time = "2024-09-29T14:27:10.228Z" },
    { url = "https://files.pythonhosted.org/packages/9f/8f/617a1196e31ae3b46be6949fbaa95b8c93ce15e0544266198c2266cc1b4d/pygame-2.6.1-cp313-cp313-manylinux_2_17_aarch64.manylinux2014_aarch64.whl", hash = "sha256:27eb17e3dc9640e4b4683074f1890e2e879827447770470c2aba9f125f74510b", size = 13581091, upload-time = "2024-09-29T11:30:27.653Z" },
    { url = "https://files.pythonhosted.org/packages/3b/87/2851a564e40a2dad353f1c6e143465d445dab18a95281f9ea458b94f3608/pygame-2.6.1-cp313-cp313-manylinux_2_17_i686.manylinux2014_i686.whl", hash = "sha256:4c1623180e70a03c4a734deb9bac50fc9c82942ae84a3a220779062128e75f3b", size = 14273844, upload-time = "2024-09-29T11:40:04.138Z" },
    { url = "https://files.pythonhosted.org/packages/85/b5/aa23aa2e70bcba42c989c02e7228273c30f3b44b9b264abb93eaeff43ad7/pygame-2.6.1-cp313-cp313-manylinux_2_17_x86_64.manylinux2014_x86_64.whl", hash = "sha256:ef07c0103d79492c21fced9ad68c11c32efa6801ca1920ebfd0f15fb46c78b1c", size = 13951197, upload-time = "2024-09-29T11:40:06.785Z" },
    { url = "https://files.pythonhosted.org/packages/a6/06/29e939b34d3f1354738c7d201c51c250ad7abefefaf6f8332d962ff67c4b/pygame-2.6.1-cp313-cp313-win32.whl", hash = "sha256:3acd8c009317190c2bfd81db681ecef47d5eb108c2151d09596d9c7ea9df5c0e", size = 10249309, upload-time = "2024-09-29T11:10:23.329Z" },
    { url = "https://files.pythonhosted.org/packages/7e/11/17f7f319ca91824b86557e9303e3b7a71991ef17fd45286bf47d7f0a38e6/pygame-2.6.1-cp313-cp313-win_amd64.whl", hash = "sha256:813af4fba5d0b2cb8e58f5d95f7910295c34067dcc290d34f1be59c48bd1ea6a", size = 10620084, upload-time = "2024-09-29T11:48:51.587Z" },
]

[[package]]
name = "pygments"
version = "2.20.0"
source = { registry = "https://pypi.org/simple" }
sdist = { url = "https://files.pythonhosted.org/packages/c3/b2/bc9c9196916376152d655522fdcebac55e66de6603a76a02bca1b6414f6c/pygments-2.20.0.tar.gz", hash = "sha256:6757cd03768053ff99f3039c1a36d6c0aa0b263438fcab17520b30a303a82b5f", size = 4955991, upload-time = "2026-03-29T13:29:33.898Z" }
wheels = [
    { url = "https://files.pythonhosted.org/packages/f4/7e/a72dd26f3b0f4f2bf1dd8923c85f7ceb43172af56d63c7383eb62b332364/pygments-2.20.0-py3-none-any.whl", hash = "sha256:81a9e26dd42fd28a23a2d169d86d7ac03b46e2f8b59ed4698fb4785f946d0176", size = 1231151, upload-time = "2026-03-29T13:29:30.038Z" },
]

[[package]]
name = "pytest"
version = "9.1.0"
source = { registry = "https://pypi.org/simple" }
dependencies = [
    { name = "colorama", marker = "sys_platform == 'win32'" },
    { name = "iniconfig" },
    { name = "packaging" },
    { name = "pluggy" },
    { name = "pygments" },
]
sdist = { url = "https://files.pythonhosted.org/packages/84/0e/b5858858d74958632c49b72cb25a3976ff9f632397626715be71c89d3971/pytest-9.1.0.tar.gz", hash = "sha256:41dd9148c08072446394cefd3d79701701335a9f4cae69ba92e39f6c7f5c061c", size = 1634181, upload-time = "2026-06-13T18:52:45.983Z" }
wheels = [
    { url = "https://files.pythonhosted.org/packages/8b/5a/ba30a81239b909821b3153e303e7def45178bf353da4f72380e6c5e8793b/pytest-9.1.0-py3-none-any.whl", hash = "sha256:8ebb0e7888bdf2bdfc602ec51f8f62d50200af37356c74e503c79a94f5c81f32", size = 386453, upload-time = "2026-06-13T18:52:44.045Z" },
]
